
Microsoft Visual Studio Solution File, Format Version 12.00
# Visual Studio Version 16
VisualStudioVersion = 16.0.30523.141
MinimumVisualStudioVersion = 10.0.40219.1
Project("{FAE04EC0-301F-11D3-BF4B-00C04F79EFBC}") = "ArrayDemos", "ArrayDemos\ArrayDemos.csproj", "{1664C0FD-0132-43FC-82CB-DC3FFA62AFB4}"
EndProject
Project("{FAE04EC0-301F-11D3-BF4B-00C04F79EFBC}") = "ForEachArrays", "ForEachArrays\ForEachArrays.csproj", "{F4B1E73C-3352-4BEC-B65B-FE81817030BB}"
EndProject
Project("{FAE04EC0-301F-11D3-BF4B-00C04F79EFBC}") = "CopyArray", "CopyArray\CopyArray.csproj", "{D9E9BEE2-5DDD-4042-B608-C03D823BF253}"
EndProject
Global
	GlobalSection(SolutionConfigurationPlatforms) = preSolution
		Debug|Any CPU = Debug|Any CPU
		Release|Any CPU = Release|Any CPU
	EndGlobalSection
	GlobalSection(ProjectConfigurationPlatforms) = postSolution
		{1664C0FD-0132-43FC-82CB-DC3FFA62AFB4}.Debug|Any CPU.ActiveCfg = Debug|Any CPU
		{1664C0FD-0132-43FC-82CB-DC3FFA62AFB4}.Debug|Any CPU.Build.0 = Debug|Any CPU
		{1664C0FD-0132-43FC-82CB-DC3FFA62AFB4}.Release|Any CPU.ActiveCfg = Release|Any CPU
		{1664C0FD-0132-43FC-82CB-DC3FFA62AFB4}.Release|Any CPU.Build.0 = Release|Any CPU
		{F4B1E73C-3352-4BEC-B65B-FE81817030BB}.Debug|Any CPU.ActiveCfg = Debug|Any CPU
		{F4B1E73C-3352-4BEC-B65B-FE81817030BB}.Debug|Any CPU.Build.0 = Debug|Any CPU
		{F4B1E73C-3352-4BEC-B65B-FE81817030BB}.Release|Any CPU.ActiveCfg = Release|Any CPU
		{F4B1E73C-3352-4BEC-B65B-FE81817030BB}.Release|Any CPU.Build.0 = Release|Any CPU
		{D9E9BEE2-5DDD-4042-B608-C03D823BF253}.Debug|Any CPU.ActiveCfg = Debug|Any CPU
		{D9E9BEE2-5DDD-4042-B608-C03D823BF253}.Debug|Any CPU.Build.0 = Debug|Any CPU
		{D9E9BEE2-5DDD-4042-B608-C03D823BF253}.Release|Any CPU.ActiveCfg = Release|Any CPU
		{D9E9BEE2-5DDD-4042-B608-C03D823BF253}.Release|Any CPU.Build.0 = Release|Any CPU
	EndGlobalSection
	GlobalSection(SolutionProperties) = preSolution
		HideSolutionNode = FALSE
	EndGlobalSection
	GlobalSection(ExtensibilityGlobals) = postSolution
		SolutionGuid = {27CD29FF-9A50-41EF-8886-D6F6862200CE}
	EndGlobalSection
EndGlobal
