
Microsoft Visual Studio Solution File, Format Version 12.00
# Visual Studio Version 16
VisualStudioVersion = 16.0.30523.141
MinimumVisualStudioVersion = 10.0.40219.1
Project("{FAE04EC0-301F-11D3-BF4B-00C04F79EFBC}") = "ArrayDemos", "ArrayDemos\ArrayDemos.csproj", "{1664C0FD-0132-43FC-82CB-DC3FFA62AFB4}"
EndProject
Project("{FAE04EC0-301F-11D3-BF4B-00C04F79EFBC}") = "ForEachArrays", "ForEachArrays\ForEachArrays.csproj", "{F4B1E73C-3352-4BEC-B65B-FE81817030BB}"
EndProject
Project("{FAE04EC0-301F-11D3-BF4B-00C04F79EFBC}") = "CopyArray", "CopyArray\CopyArray.csproj", "{D9E9BEE2-5DDD-4042-B608-C03D823BF253}"
EndProject
Project("{FAE04EC0-301F-11D3-BF4B-00C04F79EFBC}") = "ValueTypesReferenceTypes", "ValueTypesReferenceTypes\ValueTypesReferenceTypes.csproj", "{2DB250DE-312D-4F22-80E6-6A07D1F2CB3C}"
EndProject
Project("{FAE04EC0-301F-11D3-BF4B-00C04F79EFBC}") = "SortArrays", "SortArrays\SortArrays.csproj", "{52481A36-C201-4F96-BB2C-7286A92C1278}"
EndProject
Project("{FAE04EC0-301F-11D3-BF4B-00C04F79EFBC}") = "SearchInArrays", "SearchinArrays\SearchInArrays.csproj", "{B901033D-9063-4639-8320-62B3284E5F8F}"
EndProject
Project("{FAE04EC0-301F-11D3-BF4B-00C04F79EFBC}") = "MultiDimArrays", "MultiDimArrays\MultiDimArrays.csproj", "{6815A3E6-484C-4A13-AD90-A330042A165C}"
EndProject
Global
	GlobalSection(SolutionConfigurationPlatforms) = preSolution
		Debug|Any CPU = Debug|Any CPU
		Release|Any CPU = Release|Any CPU
	EndGlobalSection
	GlobalSection(ProjectConfigurationPlatforms) = postSolution
		{1664C0FD-0132-43FC-82CB-DC3FFA62AFB4}.Debug|Any CPU.ActiveCfg = Debug|Any CPU
		{1664C0FD-0132-43FC-82CB-DC3FFA62AFB4}.Debug|Any CPU.Build.0 = Debug|Any CPU
		{1664C0FD-0132-43FC-82CB-DC3FFA62AFB4}.Release|Any CPU.ActiveCfg = Release|Any CPU
		{1664C0FD-0132-43FC-82CB-DC3FFA62AFB4}.Release|Any CPU.Build.0 = Release|Any CPU
		{F4B1E73C-3352-4BEC-B65B-FE81817030BB}.Debug|Any CPU.ActiveCfg = Debug|Any CPU
		{F4B1E73C-3352-4BEC-B65B-FE81817030BB}.Debug|Any CPU.Build.0 = Debug|Any CPU
		{F4B1E73C-3352-4BEC-B65B-FE81817030BB}.Release|Any CPU.ActiveCfg = Release|Any CPU
		{F4B1E73C-3352-4BEC-B65B-FE81817030BB}.Release|Any CPU.Build.0 = Release|Any CPU
		{D9E9BEE2-5DDD-4042-B608-C03D823BF253}.Debug|Any CPU.ActiveCfg = Debug|Any CPU
		{D9E9BEE2-5DDD-4042-B608-C03D823BF253}.Debug|Any CPU.Build.0 = Debug|Any CPU
		{D9E9BEE2-5DDD-4042-B608-C03D823BF253}.Release|Any CPU.ActiveCfg = Release|Any CPU
		{D9E9BEE2-5DDD-4042-B608-C03D823BF253}.Release|Any CPU.Build.0 = Release|Any CPU
		{2DB250DE-312D-4F22-80E6-6A07D1F2CB3C}.Debug|Any CPU.ActiveCfg = Debug|Any CPU
		{2DB250DE-312D-4F22-80E6-6A07D1F2CB3C}.Debug|Any CPU.Build.0 = Debug|Any CPU
		{2DB250DE-312D-4F22-80E6-6A07D1F2CB3C}.Release|Any CPU.ActiveCfg = Release|Any CPU
		{2DB250DE-312D-4F22-80E6-6A07D1F2CB3C}.Release|Any CPU.Build.0 = Release|Any CPU
		{52481A36-C201-4F96-BB2C-7286A92C1278}.Debug|Any CPU.ActiveCfg = Debug|Any CPU
		{52481A36-C201-4F96-BB2C-7286A92C1278}.Debug|Any CPU.Build.0 = Debug|Any CPU
		{52481A36-C201-4F96-BB2C-7286A92C1278}.Release|Any CPU.ActiveCfg = Release|Any CPU
		{52481A36-C201-4F96-BB2C-7286A92C1278}.Release|Any CPU.Build.0 = Release|Any CPU
		{B901033D-9063-4639-8320-62B3284E5F8F}.Debug|Any CPU.ActiveCfg = Debug|Any CPU
		{B901033D-9063-4639-8320-62B3284E5F8F}.Debug|Any CPU.Build.0 = Debug|Any CPU
		{B901033D-9063-4639-8320-62B3284E5F8F}.Release|Any CPU.ActiveCfg = Release|Any CPU
		{B901033D-9063-4639-8320-62B3284E5F8F}.Release|Any CPU.Build.0 = Release|Any CPU
		{6815A3E6-484C-4A13-AD90-A330042A165C}.Debug|Any CPU.ActiveCfg = Debug|Any CPU
		{6815A3E6-484C-4A13-AD90-A330042A165C}.Debug|Any CPU.Build.0 = Debug|Any CPU
		{6815A3E6-484C-4A13-AD90-A330042A165C}.Release|Any CPU.ActiveCfg = Release|Any CPU
		{6815A3E6-484C-4A13-AD90-A330042A165C}.Release|Any CPU.Build.0 = Release|Any CPU
	EndGlobalSection
	GlobalSection(SolutionProperties) = preSolution
		HideSolutionNode = FALSE
	EndGlobalSection
	GlobalSection(ExtensibilityGlobals) = postSolution
		SolutionGuid = {27CD29FF-9A50-41EF-8886-D6F6862200CE}
	EndGlobalSection
EndGlobal
